{
  "nodes": {
    "nix-darwin": {
      "inputs": {
        "nixpkgs": [
          "nixpkgs"
        ]
      },
      "locked": {
        "lastModified": 1737504076,
        "narHash": "sha256-/B4XJnzYU/6K1ZZOBIgsa3K4pqDJrnC2579c44c+4rI=",
        "owner": "LnL7",
        "repo": "nix-darwin",
        "rev": "65cc1fa8e36ceff067daf6cfb142331f02f524d3",
        "type": "github"
      },
      "original": {
        "owner": "LnL7",
        "ref": "master",
        "repo": "nix-darwin",
        "type": "github"
      }
    },
    "nixpkgs": {
      "locked": {
        "lastModified": 1737525964,
        "narHash": "sha256-3wFonKmNRWKq1himW9N3TllbeGIHFACI5vmLpk6moF8=",
        "owner": "NixOS",
        "repo": "nixpkgs",
        "rev": "5757bbb8bd7c0630a0cc4bb19c47e588db30b97c",
        "type": "github"
      },
      "original": {
        "owner": "NixOS",
        "ref": "nixpkgs-unstable",
        "repo": "nixpkgs",
        "type": "github"
      }
    },
    "root": {
      "inputs": {
        "nix-darwin": "nix-darwin",
        "nixpkgs": "nixpkgs"
      }
    }
  },
  "root": "root",
  "version": 7
}
